// !$*UTF8*$!
{
	archiveVersion = 1;
	classes = {
	};
	objectVersion = 55;
	objects = {

/* Begin PBXBuildFile section */
		D9ED6F3328AE746F0001EFDB /* AppDelegate.swift in Sources */ = {isa = PBXBuildFile; fileRef = D9ED6F3228AE746F0001EFDB /* AppDelegate.swift */; };
		D9ED6F3528AE746F0001EFDB /* SceneDelegate.swift in Sources */ = {isa = PBXBuildFile; fileRef = D9ED6F3428AE746F0001EFDB /* SceneDelegate.swift */; };
		D9ED6F3728AE746F0001EFDB /* ViewController.swift in Sources */ = {isa = PBXBuildFile; fileRef = D9ED6F3628AE746F0001EFDB /* ViewController.swift */; };
		D9ED6F3A28AE746F0001EFDB /* Main.storyboard in Resources */ = {isa = PBXBuildFile; fileRef = D9ED6F3828AE746F0001EFDB /* Main.storyboard */; };
		D9ED6F3C28AE746F0001EFDB /* Assets.xcassets in Resources */ = {isa = PBXBuildFile; fileRef = D9ED6F3B28AE746F0001EFDB /* Assets.xcassets */; };
		D9ED6F3F28AE746F0001EFDB /* LaunchScreen.storyboard in Resources */ = {isa = PBXBuildFile; fileRef = D9ED6F3D28AE746F0001EFDB /* LaunchScreen.storyboard */; };
/* End PBXBuildFile section */

/* Begin PBXFileReference section */
		D9ED6F2F28AE746F0001EFDB /* LoginScreen + UIPickerView,UIDataPicker.app */ = {isa = PBXFileReference; explicitFileType = wrapper.application; includeInIndex = 0; path = "LoginScreen + UIPickerView,UIDataPicker.app"; sourceTree = BUILT_PRODUCTS_DIR; };
		D9ED6F3228AE746F0001EFDB /* AppDelegate.swift */ = {isa = PBXFileReference; lastKnownFileType = sourcecode.swift; path = AppDelegate.swift; sourceTree = "<group>"; };
		D9ED6F3428AE746F0001EFDB /* SceneDelegate.swift */ = {isa = PBXFileReference; lastKnownFileType = sourcecode.swift; path = SceneDelegate.swift; sourceTree = "<group>"; };
		D9ED6F3628AE746F0001EFDB /* ViewController.swift */ = {isa = PBXFileReference; lastKnownFileType = sourcecode.swift; path = ViewController.swift; sourceTree = "<group>"; };
		D9ED6F3928AE746F0001EFDB /* Base */ = {isa = PBXFileReference; lastKnownFileType = file.storyboard; name = Base; path = Base.lproj/Main.storyboard; sourceTree = "<group>"; };
		D9ED6F3B28AE746F0001EFDB /* Assets.xcassets */ = {isa = PBXFileReference; lastKnownFileType = folder.assetcatalog; path = Assets.xcassets; sourceTree = "<group>"; };
		D9ED6F3E28AE746F0001EFDB /* Base */ = {isa = PBXFileReference; lastKnownFileType = file.storyboard; name = Base; path = Base.lproj/LaunchScreen.storyboard; sourceTree = "<group>"; };
		D9ED6F4028AE746F0001EFDB /* Info.plist */ = {isa = PBXFileReference; lastKnownFileType = text.plist.xml; path = Info.plist; sourceTree = "<group>"; };
/* End PBXFileReference section */

/* Begin PBXFrameworksBuildPhase section */
		D9ED6F2C28AE746F0001EFDB /* Frameworks */ = {
			isa = PBXFrameworksBuildPhase;
			buildActionMask = 2147483647;
			files = (
			);
			runOnlyForDeploymentPostprocessing = 0;
		};
/* End PBXFrameworksBuildPhase section */

/* Begin PBXGroup section */
		D9ED6F2628AE746F0001EFDB = {
			isa = PBXGroup;
			children = (
				D9ED6F3128AE746F0001EFDB /* LoginScreen + UIPickerView,UIDataPicker */,
				D9ED6F3028AE746F0001EFDB /* Products */,
			);
			sourceTree = "<group>";
		};
		D9ED6F3028AE746F0001EFDB /* Products */ = {
			isa = PBXGroup;
			children = (
				D9ED6F2F28AE746F0001EFDB /* LoginScreen + UIPickerView,UIDataPicker.app */,
			);
			name = Products;
			sourceTree = "<group>";
		};
		D9ED6F3128AE746F0001EFDB /* LoginScreen + UIPickerView,UIDataPicker */ = {
			isa = PBXGroup;
			children = (
				D9ED6F3228AE746F0001EFDB /* AppDelegate.swift */,
				D9ED6F3428AE746F0001EFDB /* SceneDelegate.swift */,
				D9ED6F3628AE746F0001EFDB /* ViewController.swift */,
				D9ED6F3828AE746F0001EFDB /* Main.storyboard */,
				D9ED6F3B28AE746F0001EFDB /* Assets.xcassets */,
				D9ED6F3D28AE746F0001EFDB /* LaunchScreen.storyboard */,
				D9ED6F4028AE746F0001EFDB /* Info.plist */,
			);
			path = "LoginScreen + UIPickerView,UIDataPicker";
			sourceTree = "<group>";
		};
/* End PBXGroup section */

/* Begin PBXNativeTarget section */
		D9ED6F2E28AE746F0001EFDB /* LoginScreen + UIPickerView,UIDataPicker */ = {
			isa = PBXNativeTarget;
			buildConfigurationList = D9ED6F4328AE746F0001EFDB /* Build configuration list for PBXNativeTarget "LoginScreen + UIPickerView,UIDataPicker" */;
			buildPhases = (
				D9ED6F2B28AE746F0001EFDB /* Sources */,
				D9ED6F2C28AE746F0001EFDB /* Frameworks */,
				D9ED6F2D28AE746F0001EFDB /* Resources */,
			);
			buildRules = (
			);
			dependencies = (
			);
			name = "LoginScreen + UIPickerView,UIDataPicker";
			productName = "LoginScreen + UIPickerView,UIDataPicker";
			productReference = D9ED6F2F28AE746F0001EFDB /* LoginScreen + UIPickerView,UIDataPicker.app */;
			productType = "com.apple.product-type.application";
		};
/* End PBXNativeTarget section */

/* Begin PBXProject section */
		D9ED6F2728AE746F0001EFDB /* Project object */ = {
			isa = PBXProject;
			attributes = {
				BuildIndependentTargetsInParallel = 1;
				LastSwiftUpdateCheck = 1340;
				LastUpgradeCheck = 1340;
				TargetAttributes = {
					D9ED6F2E28AE746F0001EFDB = {
						CreatedOnToolsVersion = 13.4.1;
					};
				};
			};
			buildConfigurationList = D9ED6F2A28AE746F0001EFDB /* Build configuration list for PBXProject "LoginScreen + UIPickerView,UIDataPicker" */;
			compatibilityVersion = "Xcode 13.0";
			developmentRegion = en;
			hasScannedForEncodings = 0;
			knownRegions = (
				en,
				Base,
			);
			mainGroup = D9ED6F2628AE746F0001EFDB;
			productRefGroup = D9ED6F3028AE746F0001EFDB /* Products */;
			projectDirPath = "";
			projectRoot = "";
			targets = (
				D9ED6F2E28AE746F0001EFDB /* LoginScreen + UIPickerView,UIDataPicker */,
			);
		};
/* End PBXProject section */

/* Begin PBXResourcesBuildPhase section */
		D9ED6F2D28AE746F0001EFDB /* Resources */ = {
			isa = PBXResourcesBuildPhase;
			buildActionMask = 2147483647;
			files = (
				D9ED6F3F28AE746F0001EFDB /* LaunchScreen.storyboard in Resources */,
				D9ED6F3C28AE746F0001EFDB /* Assets.xcassets in Resources */,
				D9ED6F3A28AE746F0001EFDB /* Main.storyboard in Resources */,
			);
			runOnlyForDeploymentPostprocessing = 0;
		};
/* End PBXResourcesBuildPhase section */

/* Begin PBXSourcesBuildPhase section */
		D9ED6F2B28AE746F0001EFDB /* Sources */ = {
			isa = PBXSourcesBuildPhase;
			buildActionMask = 2147483647;
			files = (
				D9ED6F3728AE746F0001EFDB /* ViewController.swift in Sources */,
				D9ED6F3328AE746F0001EFDB /* AppDelegate.swift in Sources */,
				D9ED6F3528AE746F0001EFDB /* SceneDelegate.swift in Sources */,
			);
			runOnlyForDeploymentPostprocessing = 0;
		};
/* End PBXSourcesBuildPhase section */

/* Begin PBXVariantGroup section */
		D9ED6F3828AE746F0001EFDB /* Main.storyboard */ = {
			isa = PBXVariantGroup;
			children = (
				D9ED6F3928AE746F0001EFDB /* Base */,
			);
			name = Main.storyboard;
			sourceTree = "<group>";
		};
		D9ED6F3D28AE746F0001EFDB /* LaunchScreen.storyboard */ = {
			isa = PBXVariantGroup;
			children = (
				D9ED6F3E28AE746F0001EFDB /* Base */,
			);
			name = LaunchScreen.storyboard;
			sourceTree = "<group>";
		};
/* End PBXVariantGroup section */

/* Begin XCBuildConfiguration section */
		D9ED6F4128AE746F0001EFDB /* Debug */ = {
			isa = XCBuildConfiguration;
			buildSettings = {
				ALWAYS_SEARCH_USER_PATHS = NO;
				CLANG_ANALYZER_NONNULL = YES;
				CLANG_ANALYZER_NUMBER_OBJECT_CONVERSION = YES_AGGRESSIVE;
				CLANG_CXX_LANGUAGE_STANDARD = "gnu++17";
				CLANG_ENABLE_MODULES = YES;
				CLANG_ENABLE_OBJC_ARC = YES;
				CLANG_ENABLE_OBJC_WEAK = YES;
				CLANG_WARN_BLOCK_CAPTURE_AUTORELEASING = YES;
				CLANG_WARN_BOOL_CONVERSION = YES;
				CLANG_WARN_COMMA = YES;
				CLANG_WARN_CONSTANT_CONVERSION = YES;
				CLANG_WARN_DEPRECATED_OBJC_IMPLEMENTATIONS = YES;
				CLANG_WARN_DIRECT_OBJC_ISA_USAGE = YES_ERROR;
				CLANG_WARN_DOCUMENTATION_COMMENTS = YES;
				CLANG_WARN_EMPTY_BODY = YES;
				CLANG_WARN_ENUM_CONVERSION = YES;
				CLANG_WARN_INFINITE_RECURSION = YES;
				CLANG_WARN_INT_CONVERSION = YES;
				CLANG_WARN_NON_LITERAL_NULL_CONVERSION = YES;
				CLANG_WARN_OBJC_IMPLICIT_RETAIN_SELF = YES;
				CLANG_WARN_OBJC_LITERAL_CONVERSION = YES;
				CLANG_WARN_OBJC_ROOT_CLASS = YES_ERROR;
				CLANG_WARN_QUOTED_INCLUDE_IN_FRAMEWORK_HEADER = YES;
				CLANG_WARN_RANGE_LOOP_ANALYSIS = YES;
				CLANG_WARN_STRICT_PROTOTYPES = YES;
				CLANG_WARN_SUSPICIOUS_MOVE = YES;
				CLANG_WARN_UNGUARDED_AVAILABILITY = YES_AGGRESSIVE;
				CLANG_WARN_UNREACHABLE_CODE = YES;
				CLANG_WARN__DUPLICATE_METHOD_MATCH = YES;
				COPY_PHASE_STRIP = NO;
				DEBUG_INFORMATION_FORMAT = dwarf;
				ENABLE_STRICT_OBJC_MSGSEND = YES;
				ENABLE_TESTABILITY = YES;
				GCC_C_LANGUAGE_STANDARD = gnu11;
				GCC_DYNAMIC_NO_PIC = NO;
				GCC_NO_COMMON_BLOCKS = YES;
				GCC_OPTIMIZATION_LEVEL = 0;
				GCC_PREPROCESSOR_DEFINITIONS = (
					"DEBUG=1",
					"$(inherited)",
				);
				GCC_WARN_64_TO_32_BIT_CONVERSION = YES;
				GCC_WARN_ABOUT_RETURN_TYPE = YES_ERROR;
				GCC_WARN_UNDECLARED_SELECTOR = YES;
				GCC_WARN_UNINITIALIZED_AUTOS = YES_AGGRESSIVE;
				GCC_WARN_UNUSED_FUNCTION = YES;
				GCC_WARN_UNUSED_VARIABLE = YES;
				IPHONEOS_DEPLOYMENT_TARGET = 15.5;
				MTL_ENABLE_DEBUG_INFO = INCLUDE_SOURCE;
				MTL_FAST_MATH = YES;
				ONLY_ACTIVE_ARCH = YES;
				SDKROOT = iphoneos;
				SWIFT_ACTIVE_COMPILATION_CONDITIONS = DEBUG;
				SWIFT_OPTIMIZATION_LEVEL = "-Onone";
			};
			name = Debug;
		};
		D9ED6F4228AE746F0001EFDB /* Release */ = {
			isa = XCBuildConfiguration;
			buildSettings = {
				ALWAYS_SEARCH_USER_PATHS = NO;
				CLANG_ANALYZER_NONNULL = YES;
				CLANG_ANALYZER_NUMBER_OBJECT_CONVERSION = YES_AGGRESSIVE;
				CLANG_CXX_LANGUAGE_STANDARD = "gnu++17";
				CLANG_ENABLE_MODULES = YES;
				CLANG_ENABLE_OBJC_ARC = YES;
				CLANG_ENABLE_OBJC_WEAK = YES;
				CLANG_WARN_BLOCK_CAPTURE_AUTORELEASING = YES;
				CLANG_WARN_BOOL_CONVERSION = YES;
				CLANG_WARN_COMMA = YES;
				CLANG_WARN_CONSTANT_CONVERSION = YES;
				CLANG_WARN_DEPRECATED_OBJC_IMPLEMENTATIONS = YES;
				CLANG_WARN_DIRECT_OBJC_ISA_USAGE = YES_ERROR;
				CLANG_WARN_DOCUMENTATION_COMMENTS = YES;
				CLANG_WARN_EMPTY_BODY = YES;
				CLANG_WARN_ENUM_CONVERSION = YES;
				CLANG_WARN_INFINITE_RECURSION = YES;
				CLANG_WARN_INT_CONVERSION = YES;
				CLANG_WARN_NON_LITERAL_NULL_CONVERSION = YES;
				CLANG_WARN_OBJC_IMPLICIT_RETAIN_SELF = YES;
				CLANG_WARN_OBJC_LITERAL_CONVERSION = YES;
				CLANG_WARN_OBJC_ROOT_CLASS = YES_ERROR;
				CLANG_WARN_QUOTED_INCLUDE_IN_FRAMEWORK_HEADER = YES;
				CLANG_WARN_RANGE_LOOP_ANALYSIS = YES;
				CLANG_WARN_STRICT_PROTOTYPES = YES;
				CLANG_WARN_SUSPICIOUS_MOVE = YES;
				CLANG_WARN_UNGUARDED_AVAILABILITY = YES_AGGRESSIVE;
				CLANG_WARN_UNREACHABLE_CODE = YES;
				CLANG_WARN__DUPLICATE_METHOD_MATCH = YES;
				COPY_PHASE_STRIP = NO;
				DEBUG_INFORMATION_FORMAT = "dwarf-with-dsym";
				ENABLE_NS_ASSERTIONS = NO;
				ENABLE_STRICT_OBJC_MSGSEND = YES;
				GCC_C_LANGUAGE_STANDARD = gnu11;
				GCC_NO_COMMON_BLOCKS = YES;
				GCC_WARN_64_TO_32_BIT_CONVERSION = YES;
				GCC_WARN_ABOUT_RETURN_TYPE = YES_ERROR;
				GCC_WARN_UNDECLARED_SELECTOR = YES;
				GCC_WARN_UNINITIALIZED_AUTOS = YES_AGGRESSIVE;
				GCC_WARN_UNUSED_FUNCTION = YES;
				GCC_WARN_UNUSED_VARIABLE = YES;
				IPHONEOS_DEPLOYMENT_TARGET = 15.5;
				MTL_ENABLE_DEBUG_INFO = NO;
				MTL_FAST_MATH = YES;
				SDKROOT = iphoneos;
				SWIFT_COMPILATION_MODE = wholemodule;
				SWIFT_OPTIMIZATION_LEVEL = "-O";
				VALIDATE_PRODUCT = YES;
			};
			name = Release;
		};
		D9ED6F4428AE746F0001EFDB /* Debug */ = {
			isa = XCBuildConfiguration;
			buildSettings = {
				ASSETCATALOG_COMPILER_APPICON_NAME = AppIcon;
				ASSETCATALOG_COMPILER_GLOBAL_ACCENT_COLOR_NAME = AccentColor;
				CODE_SIGN_STYLE = Automatic;
				CURRENT_PROJECT_VERSION = 1;
				DEVELOPMENT_TEAM = 76N9URDUCT;
				GENERATE_INFOPLIST_FILE = YES;
				INFOPLIST_FILE = "LoginScreen + UIPickerView,UIDataPicker/Info.plist";
				INFOPLIST_KEY_UIApplicationSupportsIndirectInputEvents = YES;
				INFOPLIST_KEY_UILaunchStoryboardName = LaunchScreen;
				INFOPLIST_KEY_UIMainStoryboardFile = Main;
				INFOPLIST_KEY_UISupportedInterfaceOrientations_iPad = "UIInterfaceOrientationPortrait UIInterfaceOrientationPortraitUpsideDown UIInterfaceOrientationLandscapeLeft UIInterfaceOrientationLandscapeRight";
				INFOPLIST_KEY_UISupportedInterfaceOrientations_iPhone = "UIInterfaceOrientationPortrait UIInterfaceOrientationLandscapeLeft UIInterfaceOrientationLandscapeRight";
				LD_RUNPATH_SEARCH_PATHS = (
					"$(inherited)",
					"@executable_path/Frameworks",
				);
				MARKETING_VERSION = 1.0;
				PRODUCT_BUNDLE_IDENTIFIER = "ArtemGalay.LoginScreen---UIPickerView-UIDataPicker";
				PRODUCT_NAME = "$(TARGET_NAME)";
				SWIFT_EMIT_LOC_STRINGS = YES;
				SWIFT_VERSION = 5.0;
				TARGETED_DEVICE_FAMILY = "1,2";
			};
			name = Debug;
		};
		D9ED6F4528AE746F0001EFDB /* Release */ = {
			isa = XCBuildConfiguration;
			buildSettings = {
				ASSETCATALOG_COMPILER_APPICON_NAME = AppIcon;
				ASSETCATALOG_COMPILER_GLOBAL_ACCENT_COLOR_NAME = AccentColor;
				CODE_SIGN_STYLE = Automatic;
				CURRENT_PROJECT_VERSION = 1;
				DEVELOPMENT_TEAM = 76N9URDUCT;
				GENERATE_INFOPLIST_FILE = YES;
				INFOPLIST_FILE = "LoginScreen + UIPickerView,UIDataPicker/Info.plist";
				INFOPLIST_KEY_UIApplicationSupportsIndirectInputEvents = YES;
				INFOPLIST_KEY_UILaunchStoryboardName = LaunchScreen;
				INFOPLIST_KEY_UIMainStoryboardFile = Main;
				INFOPLIST_KEY_UISupportedInterfaceOrientations_iPad = "UIInterfaceOrientationPortrait UIInterfaceOrientationPortraitUpsideDown UIInterfaceOrientationLandscapeLeft UIInterfaceOrientationLandscapeRight";
				INFOPLIST_KEY_UISupportedInterfaceOrientations_iPhone = "UIInterfaceOrientationPortrait UIInterfaceOrientationLandscapeLeft UIInterfaceOrientationLandscapeRight";
				LD_RUNPATH_SEARCH_PATHS = (
					"$(inherited)",
					"@executable_path/Frameworks",
				);
				MARKETING_VERSION = 1.0;
				PRODUCT_BUNDLE_IDENTIFIER = "ArtemGalay.LoginScreen---UIPickerView-UIDataPicker";
				PRODUCT_NAME = "$(TARGET_NAME)";
				SWIFT_EMIT_LOC_STRINGS = YES;
				SWIFT_VERSION = 5.0;
				TARGETED_DEVICE_FAMILY = "1,2";
			};
			name = Release;
		};
/* End XCBuildConfiguration section */

/* Begin XCConfigurationList section */
		D9ED6F2A28AE746F0001EFDB /* Build configuration list for PBXProject "LoginScreen + UIPickerView,UIDataPicker" */ = {
			isa = XCConfigurationList;
			buildConfigurations = (
				D9ED6F4128AE746F0001EFDB /* Debug */,
				D9ED6F4228AE746F0001EFDB /* Release */,
			);
			defaultConfigurationIsVisible = 0;
			defaultConfigurationName = Release;
		};
		D9ED6F4328AE746F0001EFDB /* Build configuration list for PBXNativeTarget "LoginScreen + UIPickerView,UIDataPicker" */ = {
			isa = XCConfigurationList;
			buildConfigurations = (
				D9ED6F4428AE746F0001EFDB /* Debug */,
				D9ED6F4528AE746F0001EFDB /* Release */,
			);
			defaultConfigurationIsVisible = 0;
			defaultConfigurationName = Release;
		};
/* End XCConfigurationList section */
	};
	rootObject = D9ED6F2728AE746F0001EFDB /* Project object */;
}
